// !$*UTF8*$!
{
	archiveVersion = 1;
	classes = {
	};
	objectVersion = 46;
	objects = {

/* Begin PBXBuildFile section */
		1C431D0C1D66A4BD00736F70 /* FeedViewController.swift in Sources */ = {isa = PBXBuildFile; fileRef = 1C431D0B1D66A4BD00736F70 /* FeedViewController.swift */; };
		1C431D0E1D66A4E400736F70 /* RequestViewController.swift in Sources */ = {isa = PBXBuildFile; fileRef = 1C431D0D1D66A4E400736F70 /* RequestViewController.swift */; };
		1C431D101D66A50900736F70 /* ProfileViewController.swift in Sources */ = {isa = PBXBuildFile; fileRef = 1C431D0F1D66A50900736F70 /* ProfileViewController.swift */; };
		2764FC8C1D68D53000DCEEC9 /* Request.swift in Sources */ = {isa = PBXBuildFile; fileRef = 2764FC8B1D68D53000DCEEC9 /* Request.swift */; };
		27A484B01D650E4100B3C705 /* AppDelegate.swift in Sources */ = {isa = PBXBuildFile; fileRef = 27A484AF1D650E4100B3C705 /* AppDelegate.swift */; };
		27A484B21D650E4100B3C705 /* LogInViewController.swift in Sources */ = {isa = PBXBuildFile; fileRef = 27A484B11D650E4100B3C705 /* LogInViewController.swift */; };
		27A484B51D650E4100B3C705 /* Main.storyboard in Resources */ = {isa = PBXBuildFile; fileRef = 27A484B31D650E4100B3C705 /* Main.storyboard */; };
		27A484B71D650E4100B3C705 /* Assets.xcassets in Resources */ = {isa = PBXBuildFile; fileRef = 27A484B61D650E4100B3C705 /* Assets.xcassets */; };
		27A484BA1D650E4100B3C705 /* LaunchScreen.storyboard in Resources */ = {isa = PBXBuildFile; fileRef = 27A484B81D650E4100B3C705 /* LaunchScreen.storyboard */; };
		27A484C51D650E4100B3C705 /* SwipeMeTests.swift in Sources */ = {isa = PBXBuildFile; fileRef = 27A484C41D650E4100B3C705 /* SwipeMeTests.swift */; };
		27A484D01D650E4100B3C705 /* SwipeMeUITests.swift in Sources */ = {isa = PBXBuildFile; fileRef = 27A484CF1D650E4100B3C705 /* SwipeMeUITests.swift */; };
		27A484DE1D65103E00B3C705 /* GoogleService-Info.plist in Resources */ = {isa = PBXBuildFile; fileRef = 27A484DD1D65103E00B3C705 /* GoogleService-Info.plist */; };
		B3B4941355C16F2FDFBAE281 /* Pods_SwipeMe.framework in Frameworks */ = {isa = PBXBuildFile; fileRef = 33997D2F3DC6857D522BB637 /* Pods_SwipeMe.framework */; };
/* End PBXBuildFile section */

/* Begin PBXContainerItemProxy section */
		27A484C11D650E4100B3C705 /* PBXContainerItemProxy */ = {
			isa = PBXContainerItemProxy;
			containerPortal = 27A484A41D650E4000B3C705 /* Project object */;
			proxyType = 1;
			remoteGlobalIDString = 27A484AB1D650E4100B3C705;
			remoteInfo = SwipeMe;
		};
		27A484CC1D650E4100B3C705 /* PBXContainerItemProxy */ = {
			isa = PBXContainerItemProxy;
			containerPortal = 27A484A41D650E4000B3C705 /* Project object */;
			proxyType = 1;
			remoteGlobalIDString = 27A484AB1D650E4100B3C705;
			remoteInfo = SwipeMe;
		};
/* End PBXContainerItemProxy section */

/* Begin PBXFileReference section */
		1C2BB9ED1D65179500EAFB34 /* SwipeMe-Bridging-Header.h */ = {isa = PBXFileReference; fileEncoding = 4; lastKnownFileType = sourcecode.c.h; path = "SwipeMe-Bridging-Header.h"; sourceTree = "<group>"; };
		1C431D0B1D66A4BD00736F70 /* FeedViewController.swift */ = {isa = PBXFileReference; fileEncoding = 4; lastKnownFileType = sourcecode.swift; path = FeedViewController.swift; sourceTree = "<group>"; };
		1C431D0D1D66A4E400736F70 /* RequestViewController.swift */ = {isa = PBXFileReference; fileEncoding = 4; lastKnownFileType = sourcecode.swift; path = RequestViewController.swift; sourceTree = "<group>"; };
		1C431D0F1D66A50900736F70 /* ProfileViewController.swift */ = {isa = PBXFileReference; fileEncoding = 4; lastKnownFileType = sourcecode.swift; path = ProfileViewController.swift; sourceTree = "<group>"; };
		2764FC8B1D68D53000DCEEC9 /* Request.swift */ = {isa = PBXFileReference; fileEncoding = 4; lastKnownFileType = sourcecode.swift; path = Request.swift; sourceTree = "<group>"; };
		27A484AC1D650E4100B3C705 /* SwipeMe.app */ = {isa = PBXFileReference; explicitFileType = wrapper.application; includeInIndex = 0; path = SwipeMe.app; sourceTree = BUILT_PRODUCTS_DIR; };
		27A484AF1D650E4100B3C705 /* AppDelegate.swift */ = {isa = PBXFileReference; lastKnownFileType = sourcecode.swift; path = AppDelegate.swift; sourceTree = "<group>"; };
		27A484B11D650E4100B3C705 /* LogInViewController.swift */ = {isa = PBXFileReference; lastKnownFileType = sourcecode.swift; path = LogInViewController.swift; sourceTree = "<group>"; };
		27A484B41D650E4100B3C705 /* Base */ = {isa = PBXFileReference; lastKnownFileType = file.storyboard; name = Base; path = Base.lproj/Main.storyboard; sourceTree = "<group>"; };
		27A484B61D650E4100B3C705 /* Assets.xcassets */ = {isa = PBXFileReference; lastKnownFileType = folder.assetcatalog; path = Assets.xcassets; sourceTree = "<group>"; };
		27A484B91D650E4100B3C705 /* Base */ = {isa = PBXFileReference; lastKnownFileType = file.storyboard; name = Base; path = Base.lproj/LaunchScreen.storyboard; sourceTree = "<group>"; };
		27A484BB1D650E4100B3C705 /* Info.plist */ = {isa = PBXFileReference; lastKnownFileType = text.plist.xml; path = Info.plist; sourceTree = "<group>"; };
		27A484C01D650E4100B3C705 /* SwipeMeTests.xctest */ = {isa = PBXFileReference; explicitFileType = wrapper.cfbundle; includeInIndex = 0; path = SwipeMeTests.xctest; sourceTree = BUILT_PRODUCTS_DIR; };
		27A484C41D650E4100B3C705 /* SwipeMeTests.swift */ = {isa = PBXFileReference; lastKnownFileType = sourcecode.swift; path = SwipeMeTests.swift; sourceTree = "<group>"; };
		27A484C61D650E4100B3C705 /* Info.plist */ = {isa = PBXFileReference; lastKnownFileType = text.plist.xml; path = Info.plist; sourceTree = "<group>"; };
		27A484CB1D650E4100B3C705 /* SwipeMeUITests.xctest */ = {isa = PBXFileReference; explicitFileType = wrapper.cfbundle; includeInIndex = 0; path = SwipeMeUITests.xctest; sourceTree = BUILT_PRODUCTS_DIR; };
		27A484CF1D650E4100B3C705 /* SwipeMeUITests.swift */ = {isa = PBXFileReference; lastKnownFileType = sourcecode.swift; path = SwipeMeUITests.swift; sourceTree = "<group>"; };
		27A484D11D650E4100B3C705 /* Info.plist */ = {isa = PBXFileReference; lastKnownFileType = text.plist.xml; path = Info.plist; sourceTree = "<group>"; };
		27A484DD1D65103E00B3C705 /* GoogleService-Info.plist */ = {isa = PBXFileReference; fileEncoding = 4; lastKnownFileType = text.plist.xml; path = "GoogleService-Info.plist"; sourceTree = "<group>"; };
		33997D2F3DC6857D522BB637 /* Pods_SwipeMe.framework */ = {isa = PBXFileReference; explicitFileType = wrapper.framework; includeInIndex = 0; path = Pods_SwipeMe.framework; sourceTree = BUILT_PRODUCTS_DIR; };
		628D83B79A30F5CD45158FCA /* Pods-SwipeMe.debug.xcconfig */ = {isa = PBXFileReference; includeInIndex = 1; lastKnownFileType = text.xcconfig; name = "Pods-SwipeMe.debug.xcconfig"; path = "Pods/Target Support Files/Pods-SwipeMe/Pods-SwipeMe.debug.xcconfig"; sourceTree = "<group>"; };
		782FA490898E8BE1B1EC39D4 /* Pods-SwipeMe.release.xcconfig */ = {isa = PBXFileReference; includeInIndex = 1; lastKnownFileType = text.xcconfig; name = "Pods-SwipeMe.release.xcconfig"; path = "Pods/Target Support Files/Pods-SwipeMe/Pods-SwipeMe.release.xcconfig"; sourceTree = "<group>"; };
/* End PBXFileReference section */

/* Begin PBXFrameworksBuildPhase section */
		27A484A91D650E4100B3C705 /* Frameworks */ = {
			isa = PBXFrameworksBuildPhase;
			buildActionMask = 2147483647;
			files = (
				B3B4941355C16F2FDFBAE281 /* Pods_SwipeMe.framework in Frameworks */,
			);
			runOnlyForDeploymentPostprocessing = 0;
		};
		27A484BD1D650E4100B3C705 /* Frameworks */ = {
			isa = PBXFrameworksBuildPhase;
			buildActionMask = 2147483647;
			files = (
			);
			runOnlyForDeploymentPostprocessing = 0;
		};
		27A484C81D650E4100B3C705 /* Frameworks */ = {
			isa = PBXFrameworksBuildPhase;
			buildActionMask = 2147483647;
			files = (
			);
			runOnlyForDeploymentPostprocessing = 0;
		};
/* End PBXFrameworksBuildPhase section */

/* Begin PBXGroup section */
		2764FC8D1D68D54000DCEEC9 /* Model */ = {
			isa = PBXGroup;
			children = (
				2764FC8B1D68D53000DCEEC9 /* Request.swift */,
			);
			name = Model;
			sourceTree = "<group>";
		};
		2764FC8E1D68D55000DCEEC9 /* View */ = {
			isa = PBXGroup;
			children = (
				27A484B31D650E4100B3C705 /* Main.storyboard */,
				27A484B81D650E4100B3C705 /* LaunchScreen.storyboard */,
				27A484B61D650E4100B3C705 /* Assets.xcassets */,
			);
			name = View;
			sourceTree = "<group>";
		};
		27A484A31D650E4000B3C705 = {
			isa = PBXGroup;
			children = (
				27A484AE1D650E4100B3C705 /* SwipeMe */,
				27A484C31D650E4100B3C705 /* SwipeMeTests */,
				27A484CE1D650E4100B3C705 /* SwipeMeUITests */,
				27A484AD1D650E4100B3C705 /* Products */,
				93AB0EB265D9A57C56E8BEC5 /* Pods */,
				A16642F8822FA6E6064D4A79 /* Frameworks */,
			);
			sourceTree = "<group>";
		};
		27A484AD1D650E4100B3C705 /* Products */ = {
			isa = PBXGroup;
			children = (
				27A484AC1D650E4100B3C705 /* SwipeMe.app */,
				27A484C01D650E4100B3C705 /* SwipeMeTests.xctest */,
				27A484CB1D650E4100B3C705 /* SwipeMeUITests.xctest */,
			);
			name = Products;
			sourceTree = "<group>";
		};
		27A484AE1D650E4100B3C705 /* SwipeMe */ = {
			isa = PBXGroup;
			children = (
				27A484AF1D650E4100B3C705 /* AppDelegate.swift */,
				2764FC8D1D68D54000DCEEC9 /* Model */,
				2764FC8E1D68D55000DCEEC9 /* View */,
				4E5B159C1D677A48002D021D /* Controllers */,
				27A484BB1D650E4100B3C705 /* Info.plist */,
				27A484DD1D65103E00B3C705 /* GoogleService-Info.plist */,
				1C2BB9ED1D65179500EAFB34 /* SwipeMe-Bridging-Header.h */,
			);
			path = SwipeMe;
			sourceTree = "<group>";
		};
		27A484C31D650E4100B3C705 /* SwipeMeTests */ = {
			isa = PBXGroup;
			children = (
				27A484C41D650E4100B3C705 /* SwipeMeTests.swift */,
				27A484C61D650E4100B3C705 /* Info.plist */,
			);
			path = SwipeMeTests;
			sourceTree = "<group>";
		};
		27A484CE1D650E4100B3C705 /* SwipeMeUITests */ = {
			isa = PBXGroup;
			children = (
				27A484CF1D650E4100B3C705 /* SwipeMeUITests.swift */,
				27A484D11D650E4100B3C705 /* Info.plist */,
			);
			path = SwipeMeUITests;
			sourceTree = "<group>";
		};
		4E5B159C1D677A48002D021D /* Controllers */ = {
			isa = PBXGroup;
			children = (
				27A484B11D650E4100B3C705 /* LogInViewController.swift */,
				1C431D0B1D66A4BD00736F70 /* FeedViewController.swift */,
				1C431D0D1D66A4E400736F70 /* RequestViewController.swift */,
				1C431D0F1D66A50900736F70 /* ProfileViewController.swift */,
			);
			name = Controllers;
			sourceTree = "<group>";
		};
		93AB0EB265D9A57C56E8BEC5 /* Pods */ = {
			isa = PBXGroup;
			children = (
				628D83B79A30F5CD45158FCA /* Pods-SwipeMe.debug.xcconfig */,
				782FA490898E8BE1B1EC39D4 /* Pods-SwipeMe.release.xcconfig */,
			);
			name = Pods;
			sourceTree = "<group>";
		};
		A16642F8822FA6E6064D4A79 /* Frameworks */ = {
			isa = PBXGroup;
			children = (
				33997D2F3DC6857D522BB637 /* Pods_SwipeMe.framework */,
			);
			name = Frameworks;
			sourceTree = "<group>";
		};
/* End PBXGroup section */

/* Begin PBXNativeTarget section */
		27A484AB1D650E4100B3C705 /* SwipeMe */ = {
			isa = PBXNativeTarget;
			buildConfigurationList = 27A484D41D650E4100B3C705 /* Build configuration list for PBXNativeTarget "SwipeMe" */;
			buildPhases = (
				73E037F2C57727135F482301 /* [CP] Check Pods Manifest.lock */,
				27A484A81D650E4100B3C705 /* Sources */,
				27A484A91D650E4100B3C705 /* Frameworks */,
				27A484AA1D650E4100B3C705 /* Resources */,
				653F931F9796195A55F9D501 /* [CP] Embed Pods Frameworks */,
				3C3DDD9E708B340053D279A5 /* [CP] Copy Pods Resources */,
			);
			buildRules = (
			);
			dependencies = (
			);
			name = SwipeMe;
			productName = SwipeMe;
			productReference = 27A484AC1D650E4100B3C705 /* SwipeMe.app */;
			productType = "com.apple.product-type.application";
		};
		27A484BF1D650E4100B3C705 /* SwipeMeTests */ = {
			isa = PBXNativeTarget;
			buildConfigurationList = 27A484D71D650E4100B3C705 /* Build configuration list for PBXNativeTarget "SwipeMeTests" */;
			buildPhases = (
				27A484BC1D650E4100B3C705 /* Sources */,
				27A484BD1D650E4100B3C705 /* Frameworks */,
				27A484BE1D650E4100B3C705 /* Resources */,
			);
			buildRules = (
			);
			dependencies = (
				27A484C21D650E4100B3C705 /* PBXTargetDependency */,
			);
			name = SwipeMeTests;
			productName = SwipeMeTests;
			productReference = 27A484C01D650E4100B3C705 /* SwipeMeTests.xctest */;
			productType = "com.apple.product-type.bundle.unit-test";
		};
		27A484CA1D650E4100B3C705 /* SwipeMeUITests */ = {
			isa = PBXNativeTarget;
			buildConfigurationList = 27A484DA1D650E4100B3C705 /* Build configuration list for PBXNativeTarget "SwipeMeUITests" */;
			buildPhases = (
				27A484C71D650E4100B3C705 /* Sources */,
				27A484C81D650E4100B3C705 /* Frameworks */,
				27A484C91D650E4100B3C705 /* Resources */,
			);
			buildRules = (
			);
			dependencies = (
				27A484CD1D650E4100B3C705 /* PBXTargetDependency */,
			);
			name = SwipeMeUITests;
			productName = SwipeMeUITests;
			productReference = 27A484CB1D650E4100B3C705 /* SwipeMeUITests.xctest */;
			productType = "com.apple.product-type.bundle.ui-testing";
		};
/* End PBXNativeTarget section */

/* Begin PBXProject section */
		27A484A41D650E4000B3C705 /* Project object */ = {
			isa = PBXProject;
			attributes = {
				LastSwiftUpdateCheck = 0730;
				LastUpgradeCheck = 0730;
				ORGANIZATIONNAME = "Brian Ramirez";
				TargetAttributes = {
					27A484AB1D650E4100B3C705 = {
						CreatedOnToolsVersion = 7.3.1;
					};
					27A484BF1D650E4100B3C705 = {
						CreatedOnToolsVersion = 7.3.1;
						TestTargetID = 27A484AB1D650E4100B3C705;
					};
					27A484CA1D650E4100B3C705 = {
						CreatedOnToolsVersion = 7.3.1;
						TestTargetID = 27A484AB1D650E4100B3C705;
					};
				};
			};
			buildConfigurationList = 27A484A71D650E4000B3C705 /* Build configuration list for PBXProject "SwipeMe" */;
			compatibilityVersion = "Xcode 3.2";
			developmentRegion = English;
			hasScannedForEncodings = 0;
			knownRegions = (
				en,
				Base,
			);
			mainGroup = 27A484A31D650E4000B3C705;
			productRefGroup = 27A484AD1D650E4100B3C705 /* Products */;
			projectDirPath = "";
			projectRoot = "";
			targets = (
				27A484AB1D650E4100B3C705 /* SwipeMe */,
				27A484BF1D650E4100B3C705 /* SwipeMeTests */,
				27A484CA1D650E4100B3C705 /* SwipeMeUITests */,
			);
		};
/* End PBXProject section */

/* Begin PBXResourcesBuildPhase section */
		27A484AA1D650E4100B3C705 /* Resources */ = {
			isa = PBXResourcesBuildPhase;
			buildActionMask = 2147483647;
			files = (
				27A484BA1D650E4100B3C705 /* LaunchScreen.storyboard in Resources */,
				27A484DE1D65103E00B3C705 /* GoogleService-Info.plist in Resources */,
				27A484B71D650E4100B3C705 /* Assets.xcassets in Resources */,
				27A484B51D650E4100B3C705 /* Main.storyboard in Resources */,
			);
			runOnlyForDeploymentPostprocessing = 0;
		};
		27A484BE1D650E4100B3C705 /* Resources */ = {
			isa = PBXResourcesBuildPhase;
			buildActionMask = 2147483647;
			files = (
			);
			runOnlyForDeploymentPostprocessing = 0;
		};
		27A484C91D650E4100B3C705 /* Resources */ = {
			isa = PBXResourcesBuildPhase;
			buildActionMask = 2147483647;
			files = (
			);
			runOnlyForDeploymentPostprocessing = 0;
		};
/* End PBXResourcesBuildPhase section */

/* Begin PBXShellScriptBuildPhase section */
		3C3DDD9E708B340053D279A5 /* [CP] Copy Pods Resources */ = {
			isa = PBXShellScriptBuildPhase;
			buildActionMask = 2147483647;
			files = (
			);
			inputPaths = (
			);
			name = "[CP] Copy Pods Resources";
			outputPaths = (
			);
			runOnlyForDeploymentPostprocessing = 0;
			shellPath = /bin/sh;
			shellScript = "\"${SRCROOT}/Pods/Target Support Files/Pods-SwipeMe/Pods-SwipeMe-resources.sh\"\n";
			showEnvVarsInLog = 0;
		};
		653F931F9796195A55F9D501 /* [CP] Embed Pods Frameworks */ = {
			isa = PBXShellScriptBuildPhase;
			buildActionMask = 2147483647;
			files = (
			);
			inputPaths = (
			);
			name = "[CP] Embed Pods Frameworks";
			outputPaths = (
			);
			runOnlyForDeploymentPostprocessing = 0;
			shellPath = /bin/sh;
			shellScript = "\"${SRCROOT}/Pods/Target Support Files/Pods-SwipeMe/Pods-SwipeMe-frameworks.sh\"\n";
			showEnvVarsInLog = 0;
		};
		73E037F2C57727135F482301 /* [CP] Check Pods Manifest.lock */ = {
			isa = PBXShellScriptBuildPhase;
			buildActionMask = 2147483647;
			files = (
			);
			inputPaths = (
			);
			name = "[CP] Check Pods Manifest.lock";
			outputPaths = (
			);
			runOnlyForDeploymentPostprocessing = 0;
			shellPath = /bin/sh;
			shellScript = "diff \"${PODS_ROOT}/../Podfile.lock\" \"${PODS_ROOT}/Manifest.lock\" > /dev/null\nif [[ $? != 0 ]] ; then\n    cat << EOM\nerror: The sandbox is not in sync with the Podfile.lock. Run 'pod install' or update your CocoaPods installation.\nEOM\n    exit 1\nfi\n";
			showEnvVarsInLog = 0;
		};
/* End PBXShellScriptBuildPhase section */

/* Begin PBXSourcesBuildPhase section */
		27A484A81D650E4100B3C705 /* Sources */ = {
			isa = PBXSourcesBuildPhase;
			buildActionMask = 2147483647;
			files = (
				27A484B21D650E4100B3C705 /* LogInViewController.swift in Sources */,
				2764FC8C1D68D53000DCEEC9 /* Request.swift in Sources */,
				1C431D0C1D66A4BD00736F70 /* FeedViewController.swift in Sources */,
				1C431D101D66A50900736F70 /* ProfileViewController.swift in Sources */,
				1C431D0E1D66A4E400736F70 /* RequestViewController.swift in Sources */,
				27A484B01D650E4100B3C705 /* AppDelegate.swift in Sources */,
			);
			runOnlyForDeploymentPostprocessing = 0;
		};
		27A484BC1D650E4100B3C705 /* Sources */ = {
			isa = PBXSourcesBuildPhase;
			buildActionMask = 2147483647;
			files = (
				27A484C51D650E4100B3C705 /* SwipeMeTests.swift in Sources */,
			);
			runOnlyForDeploymentPostprocessing = 0;
		};
		27A484C71D650E4100B3C705 /* Sources */ = {
			isa = PBXSourcesBuildPhase;
			buildActionMask = 2147483647;
			files = (
				27A484D01D650E4100B3C705 /* SwipeMeUITests.swift in Sources */,
			);
			runOnlyForDeploymentPostprocessing = 0;
		};
/* End PBXSourcesBuildPhase section */

/* Begin PBXTargetDependency section */
		27A484C21D650E4100B3C705 /* PBXTargetDependency */ = {
			isa = PBXTargetDependency;
			target = 27A484AB1D650E4100B3C705 /* SwipeMe */;
			targetProxy = 27A484C11D650E4100B3C705 /* PBXContainerItemProxy */;
		};
		27A484CD1D650E4100B3C705 /* PBXTargetDependency */ = {
			isa = PBXTargetDependency;
			target = 27A484AB1D650E4100B3C705 /* SwipeMe */;
			targetProxy = 27A484CC1D650E4100B3C705 /* PBXContainerItemProxy */;
		};
/* End PBXTargetDependency section */

/* Begin PBXVariantGroup section */
		27A484B31D650E4100B3C705 /* Main.storyboard */ = {
			isa = PBXVariantGroup;
			children = (
				27A484B41D650E4100B3C705 /* Base */,
			);
			name = Main.storyboard;
			sourceTree = "<group>";
		};
		27A484B81D650E4100B3C705 /* LaunchScreen.storyboard */ = {
			isa = PBXVariantGroup;
			children = (
				27A484B91D650E4100B3C705 /* Base */,
			);
			name = LaunchScreen.storyboard;
			sourceTree = "<group>";
		};
/* End PBXVariantGroup section */

/* Begin XCBuildConfiguration section */
		27A484D21D650E4100B3C705 /* Debug */ = {
			isa = XCBuildConfiguration;
			buildSettings = {
				ALWAYS_SEARCH_USER_PATHS = NO;
				CLANG_ANALYZER_NONNULL = YES;
				CLANG_CXX_LANGUAGE_STANDARD = "gnu++0x";
				CLANG_CXX_LIBRARY = "libc++";
				CLANG_ENABLE_MODULES = YES;
				CLANG_ENABLE_OBJC_ARC = YES;
				CLANG_WARN_BOOL_CONVERSION = YES;
				CLANG_WARN_CONSTANT_CONVERSION = YES;
				CLANG_WARN_DIRECT_OBJC_ISA_USAGE = YES_ERROR;
				CLANG_WARN_EMPTY_BODY = YES;
				CLANG_WARN_ENUM_CONVERSION = YES;
				CLANG_WARN_INT_CONVERSION = YES;
				CLANG_WARN_OBJC_ROOT_CLASS = YES_ERROR;
				CLANG_WARN_UNREACHABLE_CODE = YES;
				CLANG_WARN__DUPLICATE_METHOD_MATCH = YES;
				CODE_SIGN_IDENTITY = "iPhone Developer: Leonardo Ramirez (HWQ7PPA4VT)";
				"CODE_SIGN_IDENTITY[sdk=iphoneos*]" = "iPhone Developer: Leonardo Ramirez (HWQ7PPA4VT)";
				COPY_PHASE_STRIP = NO;
				DEBUG_INFORMATION_FORMAT = dwarf;
				ENABLE_STRICT_OBJC_MSGSEND = YES;
				ENABLE_TESTABILITY = YES;
				GCC_C_LANGUAGE_STANDARD = gnu99;
				GCC_DYNAMIC_NO_PIC = NO;
				GCC_NO_COMMON_BLOCKS = YES;
				GCC_OPTIMIZATION_LEVEL = 0;
				GCC_PREPROCESSOR_DEFINITIONS = (
					"DEBUG=1",
					"$(inherited)",
				);
				GCC_WARN_64_TO_32_BIT_CONVERSION = YES;
				GCC_WARN_ABOUT_RETURN_TYPE = YES_ERROR;
				GCC_WARN_UNDECLARED_SELECTOR = YES;
				GCC_WARN_UNINITIALIZED_AUTOS = YES_AGGRESSIVE;
				GCC_WARN_UNUSED_FUNCTION = YES;
				GCC_WARN_UNUSED_VARIABLE = YES;
				IPHONEOS_DEPLOYMENT_TARGET = 9.3;
				MTL_ENABLE_DEBUG_INFO = YES;
				ONLY_ACTIVE_ARCH = YES;
				SDKROOT = iphoneos;
				SWIFT_OPTIMIZATION_LEVEL = "-Onone";
			};
			name = Debug;
		};
		27A484D31D650E4100B3C705 /* Release */ = {
			isa = XCBuildConfiguration;
			buildSettings = {
				ALWAYS_SEARCH_USER_PATHS = NO;
				CLANG_ANALYZER_NONNULL = YES;
				CLANG_CXX_LANGUAGE_STANDARD = "gnu++0x";
				CLANG_CXX_LIBRARY = "libc++";
				CLANG_ENABLE_MODULES = YES;
				CLANG_ENABLE_OBJC_ARC = YES;
				CLANG_WARN_BOOL_CONVERSION = YES;
				CLANG_WARN_CONSTANT_CONVERSION = YES;
				CLANG_WARN_DIRECT_OBJC_ISA_USAGE = YES_ERROR;
				CLANG_WARN_EMPTY_BODY = YES;
				CLANG_WARN_ENUM_CONVERSION = YES;
				CLANG_WARN_INT_CONVERSION = YES;
				CLANG_WARN_OBJC_ROOT_CLASS = YES_ERROR;
				CLANG_WARN_UNREACHABLE_CODE = YES;
				CLANG_WARN__DUPLICATE_METHOD_MATCH = YES;
				CODE_SIGN_IDENTITY = "iPhone Developer: Leonardo Ramirez (HWQ7PPA4VT)";
				"CODE_SIGN_IDENTITY[sdk=iphoneos*]" = "iPhone Developer: Leonardo Ramirez (HWQ7PPA4VT)";
				COPY_PHASE_STRIP = NO;
				DEBUG_INFORMATION_FORMAT = "dwarf-with-dsym";
				ENABLE_NS_ASSERTIONS = NO;
				ENABLE_STRICT_OBJC_MSGSEND = YES;
				GCC_C_LANGUAGE_STANDARD = gnu99;
				GCC_NO_COMMON_BLOCKS = YES;
				GCC_WARN_64_TO_32_BIT_CONVERSION = YES;
				GCC_WARN_ABOUT_RETURN_TYPE = YES_ERROR;
				GCC_WARN_UNDECLARED_SELECTOR = YES;
				GCC_WARN_UNINITIALIZED_AUTOS = YES_AGGRESSIVE;
				GCC_WARN_UNUSED_FUNCTION = YES;
				GCC_WARN_UNUSED_VARIABLE = YES;
				IPHONEOS_DEPLOYMENT_TARGET = 9.3;
				MTL_ENABLE_DEBUG_INFO = NO;
				SDKROOT = iphoneos;
				VALIDATE_PRODUCT = YES;
			};
			name = Release;
		};
		27A484D51D650E4100B3C705 /* Debug */ = {
			isa = XCBuildConfiguration;
			baseConfigurationReference = 628D83B79A30F5CD45158FCA /* Pods-SwipeMe.debug.xcconfig */;
			buildSettings = {
				ASSETCATALOG_COMPILER_APPICON_NAME = AppIcon;
				CODE_SIGN_IDENTITY = "iPhone Developer: Leonardo Ramirez (HWQ7PPA4VT)";
				INFOPLIST_FILE = SwipeMe/Info.plist;
				IPHONEOS_DEPLOYMENT_TARGET = 9.0;
				LD_RUNPATH_SEARCH_PATHS = "$(inherited) @executable_path/Frameworks";
				PRODUCT_BUNDLE_IDENTIFIER = com.Brianramirez.SwipeMe;
				PRODUCT_NAME = "$(TARGET_NAME)";
			};
			name = Debug;
		};
		27A484D61D650E4100B3C705 /* Release */ = {
			isa = XCBuildConfiguration;
			baseConfigurationReference = 782FA490898E8BE1B1EC39D4 /* Pods-SwipeMe.release.xcconfig */;
			buildSettings = {
				ASSETCATALOG_COMPILER_APPICON_NAME = AppIcon;
				CODE_SIGN_IDENTITY = "iPhone Developer: Leonardo Ramirez (HWQ7PPA4VT)";
				INFOPLIST_FILE = SwipeMe/Info.plist;
				IPHONEOS_DEPLOYMENT_TARGET = 9.0;
				LD_RUNPATH_SEARCH_PATHS = "$(inherited) @executable_path/Frameworks";
				PRODUCT_BUNDLE_IDENTIFIER = com.Brianramirez.SwipeMe;
				PRODUCT_NAME = "$(TARGET_NAME)";
			};
			name = Release;
		};
		27A484D81D650E4100B3C705 /* Debug */ = {
			isa = XCBuildConfiguration;
			buildSettings = {
				BUNDLE_LOADER = "$(TEST_HOST)";
				INFOPLIST_FILE = SwipeMeTests/Info.plist;
				IPHONEOS_DEPLOYMENT_TARGET = 8.0;
				LD_RUNPATH_SEARCH_PATHS = "$(inherited) @executable_path/Frameworks @loader_path/Frameworks";
				PRODUCT_BUNDLE_IDENTIFIER = com.Brianramirez.SwipeMeTests;
				PRODUCT_NAME = "$(TARGET_NAME)";
				TEST_HOST = "$(BUILT_PRODUCTS_DIR)/SwipeMe.app/SwipeMe";
			};
			name = Debug;
		};
		27A484D91D650E4100B3C705 /* Release */ = {
			isa = XCBuildConfiguration;
			buildSettings = {
				BUNDLE_LOADER = "$(TEST_HOST)";
				INFOPLIST_FILE = SwipeMeTests/Info.plist;
				IPHONEOS_DEPLOYMENT_TARGET = 8.0;
				LD_RUNPATH_SEARCH_PATHS = "$(inherited) @executable_path/Frameworks @loader_path/Frameworks";
				PRODUCT_BUNDLE_IDENTIFIER = com.Brianramirez.SwipeMeTests;
				PRODUCT_NAME = "$(TARGET_NAME)";
				TEST_HOST = "$(BUILT_PRODUCTS_DIR)/SwipeMe.app/SwipeMe";
			};
			name = Release;
		};
		27A484DB1D650E4100B3C705 /* Debug */ = {
			isa = XCBuildConfiguration;
			buildSettings = {
				INFOPLIST_FILE = SwipeMeUITests/Info.plist;
				IPHONEOS_DEPLOYMENT_TARGET = 8.0;
				LD_RUNPATH_SEARCH_PATHS = "$(inherited) @executable_path/Frameworks @loader_path/Frameworks";
				PRODUCT_BUNDLE_IDENTIFIER = com.Brianramirez.SwipeMeUITests;
				PRODUCT_NAME = "$(TARGET_NAME)";
				TEST_TARGET_NAME = SwipeMe;
			};
			name = Debug;
		};
		27A484DC1D650E4100B3C705 /* Release */ = {
			isa = XCBuildConfiguration;
			buildSettings = {
				INFOPLIST_FILE = SwipeMeUITests/Info.plist;
				IPHONEOS_DEPLOYMENT_TARGET = 8.0;
				LD_RUNPATH_SEARCH_PATHS = "$(inherited) @executable_path/Frameworks @loader_path/Frameworks";
				PRODUCT_BUNDLE_IDENTIFIER = com.Brianramirez.SwipeMeUITests;
				PRODUCT_NAME = "$(TARGET_NAME)";
				TEST_TARGET_NAME = SwipeMe;
			};
			name = Release;
		};
/* End XCBuildConfiguration section */

/* Begin XCConfigurationList section */
		27A484A71D650E4000B3C705 /* Build configuration list for PBXProject "SwipeMe" */ = {
			isa = XCConfigurationList;
			buildConfigurations = (
				27A484D21D650E4100B3C705 /* Debug */,
				27A484D31D650E4100B3C705 /* Release */,
			);
			defaultConfigurationIsVisible = 0;
			defaultConfigurationName = Release;
		};
		27A484D41D650E4100B3C705 /* Build configuration list for PBXNativeTarget "SwipeMe" */ = {
			isa = XCConfigurationList;
			buildConfigurations = (
				27A484D51D650E4100B3C705 /* Debug */,
				27A484D61D650E4100B3C705 /* Release */,
			);
			defaultConfigurationIsVisible = 0;
			defaultConfigurationName = Release;
		};
		27A484D71D650E4100B3C705 /* Build configuration list for PBXNativeTarget "SwipeMeTests" */ = {
			isa = XCConfigurationList;
			buildConfigurations = (
				27A484D81D650E4100B3C705 /* Debug */,
				27A484D91D650E4100B3C705 /* Release */,
			);
			defaultConfigurationIsVisible = 0;
			defaultConfigurationName = Release;
		};
		27A484DA1D650E4100B3C705 /* Build configuration list for PBXNativeTarget "SwipeMeUITests" */ = {
			isa = XCConfigurationList;
			buildConfigurations = (
				27A484DB1D650E4100B3C705 /* Debug */,
				27A484DC1D650E4100B3C705 /* Release */,
			);
			defaultConfigurationIsVisible = 0;
			defaultConfigurationName = Release;
		};
/* End XCConfigurationList section */
	};
	rootObject = 27A484A41D650E4000B3C705 /* Project object */;
}
